// !$*UTF8*$!
{
	archiveVersion = 1;
	classes = {
	};
	objectVersion = 77;
	objects = {

/* Begin PBXBuildFile section */
		141B62972D7AC0070023934E /* RxCocoa in Frameworks */ = {isa = PBXBuildFile; productRef = 141B62962D7AC0070023934E /* RxCocoa */; };
		141B62992D7AC0070023934E /* RxSwift in Frameworks */ = {isa = PBXBuildFile; productRef = 141B62982D7AC0070023934E /* RxSwift */; };
		141B64222D7BDFF30023934E /* Alamofire in Frameworks */ = {isa = PBXBuildFile; productRef = 141B64212D7BDFF30023934E /* Alamofire */; };
		142A52EB2D7F494F006989F8 /* RealmSwift in Frameworks */ = {isa = PBXBuildFile; productRef = 142A52EA2D7F494F006989F8 /* RealmSwift */; };
		145229BC2D79C6B300006917 /* SnapKit in Frameworks */ = {isa = PBXBuildFile; productRef = 145229BB2D79C6B300006917 /* SnapKit */; };
		146DA6C12D7D7CC4004F17C1 /* Kingfisher in Frameworks */ = {isa = PBXBuildFile; productRef = 146DA6C02D7D7CC4004F17C1 /* Kingfisher */; };
/* End PBXBuildFile section */

/* Begin PBXFileReference section */
		1452283A2D7998FB00006917 /* CoinFlow.app */ = {isa = PBXFileReference; explicitFileType = wrapper.application; includeInIndex = 0; path = CoinFlow.app; sourceTree = BUILT_PRODUCTS_DIR; };
/* End PBXFileReference section */

/* Begin PBXFileSystemSynchronizedBuildFileExceptionSet section */
		1452284C2D7998FC00006917 /* Exceptions for "CoinFlow" folder in "CoinFlow" target */ = {
			isa = PBXFileSystemSynchronizedBuildFileExceptionSet;
			membershipExceptions = (
				Resources/Info.plist,
			);
			target = 145228392D7998FB00006917 /* CoinFlow */;
		};
/* End PBXFileSystemSynchronizedBuildFileExceptionSet section */

/* Begin PBXFileSystemSynchronizedRootGroup section */
		1452283C2D7998FB00006917 /* CoinFlow */ = {
			isa = PBXFileSystemSynchronizedRootGroup;
			exceptions = (
				1452284C2D7998FC00006917 /* Exceptions for "CoinFlow" folder in "CoinFlow" target */,
			);
			path = CoinFlow;
			sourceTree = "<group>";
		};
/* End PBXFileSystemSynchronizedRootGroup section */

/* Begin PBXFrameworksBuildPhase section */
		145228372D7998FB00006917 /* Frameworks */ = {
			isa = PBXFrameworksBuildPhase;
			buildActionMask = 2147483647;
			files = (
				142A52EB2D7F494F006989F8 /* RealmSwift in Frameworks */,
				141B62992D7AC0070023934E /* RxSwift in Frameworks */,
				141B64222D7BDFF30023934E /* Alamofire in Frameworks */,
				141B62972D7AC0070023934E /* RxCocoa in Frameworks */,
				145229BC2D79C6B300006917 /* SnapKit in Frameworks */,
				146DA6C12D7D7CC4004F17C1 /* Kingfisher in Frameworks */,
			);
			runOnlyForDeploymentPostprocessing = 0;
		};
/* End PBXFrameworksBuildPhase section */

/* Begin PBXGroup section */
		145228312D7998FB00006917 = {
			isa = PBXGroup;
			children = (
				1452283C2D7998FB00006917 /* CoinFlow */,
				1452283B2D7998FB00006917 /* Products */,
			);
			sourceTree = "<group>";
		};
		1452283B2D7998FB00006917 /* Products */ = {
			isa = PBXGroup;
			children = (
				1452283A2D7998FB00006917 /* CoinFlow.app */,
			);
			name = Products;
			sourceTree = "<group>";
		};
/* End PBXGroup section */

/* Begin PBXNativeTarget section */
		145228392D7998FB00006917 /* CoinFlow */ = {
			isa = PBXNativeTarget;
			buildConfigurationList = 1452284D2D7998FC00006917 /* Build configuration list for PBXNativeTarget "CoinFlow" */;
			buildPhases = (
				145228362D7998FB00006917 /* Sources */,
				145228372D7998FB00006917 /* Frameworks */,
				145228382D7998FB00006917 /* Resources */,
			);
			buildRules = (
			);
			dependencies = (
			);
			fileSystemSynchronizedGroups = (
				1452283C2D7998FB00006917 /* CoinFlow */,
			);
			name = CoinFlow;
			packageProductDependencies = (
				145229BB2D79C6B300006917 /* SnapKit */,
				141B62962D7AC0070023934E /* RxCocoa */,
				141B62982D7AC0070023934E /* RxSwift */,
				141B64212D7BDFF30023934E /* Alamofire */,
				146DA6C02D7D7CC4004F17C1 /* Kingfisher */,
				142A52EA2D7F494F006989F8 /* RealmSwift */,
			);
			productName = CoinFlow;
			productReference = 1452283A2D7998FB00006917 /* CoinFlow.app */;
			productType = "com.apple.product-type.application";
		};
/* End PBXNativeTarget section */

/* Begin PBXProject section */
		145228322D7998FB00006917 /* Project object */ = {
			isa = PBXProject;
			attributes = {
				BuildIndependentTargetsInParallel = 1;
				LastSwiftUpdateCheck = 1620;
				LastUpgradeCheck = 1620;
				TargetAttributes = {
					145228392D7998FB00006917 = {
						CreatedOnToolsVersion = 16.2;
					};
				};
			};
			buildConfigurationList = 145228352D7998FB00006917 /* Build configuration list for PBXProject "CoinFlow" */;
			developmentRegion = en;
			hasScannedForEncodings = 0;
			knownRegions = (
				en,
				Base,
			);
			mainGroup = 145228312D7998FB00006917;
			minimizedProjectReferenceProxies = 1;
			packageReferences = (
				145229BA2D79C6B300006917 /* XCRemoteSwiftPackageReference "SnapKit" */,
				141B62952D7AC0070023934E /* XCRemoteSwiftPackageReference "RxSwift" */,
				141B64202D7BDFF30023934E /* XCRemoteSwiftPackageReference "Alamofire" */,
				146DA6BF2D7D7CC4004F17C1 /* XCRemoteSwiftPackageReference "Kingfisher" */,
				142A52E92D7F494F006989F8 /* XCRemoteSwiftPackageReference "realm-swift" */,
			);
			preferredProjectObjectVersion = 77;
			productRefGroup = 1452283B2D7998FB00006917 /* Products */;
			projectDirPath = "";
			projectRoot = "";
			targets = (
				145228392D7998FB00006917 /* CoinFlow */,
			);
		};
/* End PBXProject section */

/* Begin PBXResourcesBuildPhase section */
		145228382D7998FB00006917 /* Resources */ = {
			isa = PBXResourcesBuildPhase;
			buildActionMask = 2147483647;
			files = (
			);
			runOnlyForDeploymentPostprocessing = 0;
		};
/* End PBXResourcesBuildPhase section */

/* Begin PBXSourcesBuildPhase section */
		145228362D7998FB00006917 /* Sources */ = {
			isa = PBXSourcesBuildPhase;
			buildActionMask = 2147483647;
			files = (
			);
			runOnlyForDeploymentPostprocessing = 0;
		};
/* End PBXSourcesBuildPhase section */

/* Begin XCBuildConfiguration section */
		1452284E2D7998FC00006917 /* Debug */ = {
			isa = XCBuildConfiguration;
			baseConfigurationReferenceAnchor = 1452283C2D7998FB00006917 /* CoinFlow */;
			baseConfigurationReferenceRelativePath = Resources/Authorization.xcconfig;
			buildSettings = {
				ASSETCATALOG_COMPILER_APPICON_NAME = AppIcon;
				ASSETCATALOG_COMPILER_GLOBAL_ACCENT_COLOR_NAME = AccentColor;
				CODE_SIGN_STYLE = Automatic;
				CURRENT_PROJECT_VERSION = 1;
				DEVELOPMENT_TEAM = ZQV4ZDQNW5;
				GENERATE_INFOPLIST_FILE = YES;
				INFOPLIST_FILE = CoinFlow/Resources/Info.plist;
				INFOPLIST_KEY_CFBundleDisplayName = "임윤휘";
				INFOPLIST_KEY_UIApplicationSupportsIndirectInputEvents = YES;
				INFOPLIST_KEY_UILaunchStoryboardName = LaunchScreen;
				INFOPLIST_KEY_UISupportedInterfaceOrientations = UIInterfaceOrientationPortrait;
				INFOPLIST_KEY_UISupportedInterfaceOrientations_iPad = UIInterfaceOrientationPortrait;
				INFOPLIST_KEY_UIUserInterfaceStyle = Light;
				IPHONEOS_DEPLOYMENT_TARGET = 16.0;
				LD_RUNPATH_SEARCH_PATHS = (
					"$(inherited)",
					"@executable_path/Frameworks",
				);
				MARKETING_VERSION = 1.0;
				PRODUCT_BUNDLE_IDENTIFIER = com.tistory.88yhtserof.CoinFlow;
				PRODUCT_NAME = "$(TARGET_NAME)";
				SUPPORTED_PLATFORMS = "iphoneos iphonesimulator";
				SUPPORTS_MACCATALYST = NO;
				SUPPORTS_MAC_DESIGNED_FOR_IPHONE_IPAD = NO;
				SUPPORTS_XR_DESIGNED_FOR_IPHONE_IPAD = NO;
				SWIFT_EMIT_LOC_STRINGS = YES;
				SWIFT_VERSION = 5.0;
				TARGETED_DEVICE_FAMILY = 1;
			};
			name = Debug;
		};
		1452284F2D7998FC00006917 /* Release */ = {
			isa = XCBuildConfiguration;
			baseConfigurationReferenceAnchor = 1452283C2D7998FB00006917 /* CoinFlow */;
			baseConfigurationReferenceRelativePath = Resources/Authorization.xcconfig;
			buildSettings = {
				ASSETCATALOG_COMPILER_APPICON_NAME = AppIcon;
				ASSETCATALOG_COMPILER_GLOBAL_ACCENT_COLOR_NAME = AccentColor;
				CODE_SIGN_STYLE = Automatic;
				CURRENT_PROJECT_VERSION = 1;
				DEVELOPMENT_TEAM = ZQV4ZDQNW5;
				GENERATE_INFOPLIST_FILE = YES;
				INFOPLIST_FILE = CoinFlow/Resources/Info.plist;
				INFOPLIST_KEY_CFBundleDisplayName = "임윤휘";
				INFOPLIST_KEY_UIApplicationSupportsIndirectInputEvents = YES;
				INFOPLIST_KEY_UILaunchStoryboardName = LaunchScreen;
				INFOPLIST_KEY_UISupportedInterfaceOrientations = UIInterfaceOrientationPortrait;
				INFOPLIST_KEY_UISupportedInterfaceOrientations_iPad = UIInterfaceOrientationPortrait;
				INFOPLIST_KEY_UIUserInterfaceStyle = Light;
				IPHONEOS_DEPLOYMENT_TARGET = 16.0;
				LD_RUNPATH_SEARCH_PATHS = (
					"$(inherited)",
					"@executable_path/Frameworks",
				);
				MARKETING_VERSION = 1.0;
				PRODUCT_BUNDLE_IDENTIFIER = com.tistory.88yhtserof.CoinFlow;
				PRODUCT_NAME = "$(TARGET_NAME)";
				SUPPORTED_PLATFORMS = "iphoneos iphonesimulator";
				SUPPORTS_MACCATALYST = NO;
				SUPPORTS_MAC_DESIGNED_FOR_IPHONE_IPAD = NO;
				SUPPORTS_XR_DESIGNED_FOR_IPHONE_IPAD = NO;
				SWIFT_EMIT_LOC_STRINGS = YES;
				SWIFT_VERSION = 5.0;
				TARGETED_DEVICE_FAMILY = 1;
			};
			name = Release;
		};
		145228502D7998FC00006917 /* Debug */ = {
			isa = XCBuildConfiguration;
			buildSettings = {
				ALWAYS_SEARCH_USER_PATHS = NO;
				ASSETCATALOG_COMPILER_GENERATE_SWIFT_ASSET_SYMBOL_EXTENSIONS = YES;
				CLANG_ANALYZER_NONNULL = YES;
				CLANG_ANALYZER_NUMBER_OBJECT_CONVERSION = YES_AGGRESSIVE;
				CLANG_CXX_LANGUAGE_STANDARD = "gnu++20";
				CLANG_ENABLE_MODULES = YES;
				CLANG_ENABLE_OBJC_ARC = YES;
				CLANG_ENABLE_OBJC_WEAK = YES;
				CLANG_WARN_BLOCK_CAPTURE_AUTORELEASING = YES;
				CLANG_WARN_BOOL_CONVERSION = YES;
				CLANG_WARN_COMMA = YES;
				CLANG_WARN_CONSTANT_CONVERSION = YES;
				CLANG_WARN_DEPRECATED_OBJC_IMPLEMENTATIONS = YES;
				CLANG_WARN_DIRECT_OBJC_ISA_USAGE = YES_ERROR;
				CLANG_WARN_DOCUMENTATION_COMMENTS = YES;
				CLANG_WARN_EMPTY_BODY = YES;
				CLANG_WARN_ENUM_CONVERSION = YES;
				CLANG_WARN_INFINITE_RECURSION = YES;
				CLANG_WARN_INT_CONVERSION = YES;
				CLANG_WARN_NON_LITERAL_NULL_CONVERSION = YES;
				CLANG_WARN_OBJC_IMPLICIT_RETAIN_SELF = YES;
				CLANG_WARN_OBJC_LITERAL_CONVERSION = YES;
				CLANG_WARN_OBJC_ROOT_CLASS = YES_ERROR;
				CLANG_WARN_QUOTED_INCLUDE_IN_FRAMEWORK_HEADER = YES;
				CLANG_WARN_RANGE_LOOP_ANALYSIS = YES;
				CLANG_WARN_STRICT_PROTOTYPES = YES;
				CLANG_WARN_SUSPICIOUS_MOVE = YES;
				CLANG_WARN_UNGUARDED_AVAILABILITY = YES_AGGRESSIVE;
				CLANG_WARN_UNREACHABLE_CODE = YES;
				CLANG_WARN__DUPLICATE_METHOD_MATCH = YES;
				COPY_PHASE_STRIP = NO;
				DEBUG_INFORMATION_FORMAT = dwarf;
				ENABLE_STRICT_OBJC_MSGSEND = YES;
				ENABLE_TESTABILITY = YES;
				ENABLE_USER_SCRIPT_SANDBOXING = YES;
				GCC_C_LANGUAGE_STANDARD = gnu17;
				GCC_DYNAMIC_NO_PIC = NO;
				GCC_NO_COMMON_BLOCKS = YES;
				GCC_OPTIMIZATION_LEVEL = 0;
				GCC_PREPROCESSOR_DEFINITIONS = (
					"DEBUG=1",
					"$(inherited)",
				);
				GCC_WARN_64_TO_32_BIT_CONVERSION = YES;
				GCC_WARN_ABOUT_RETURN_TYPE = YES_ERROR;
				GCC_WARN_UNDECLARED_SELECTOR = YES;
				GCC_WARN_UNINITIALIZED_AUTOS = YES_AGGRESSIVE;
				GCC_WARN_UNUSED_FUNCTION = YES;
				GCC_WARN_UNUSED_VARIABLE = YES;
				IPHONEOS_DEPLOYMENT_TARGET = 18.2;
				LOCALIZATION_PREFERS_STRING_CATALOGS = YES;
				MTL_ENABLE_DEBUG_INFO = INCLUDE_SOURCE;
				MTL_FAST_MATH = YES;
				ONLY_ACTIVE_ARCH = YES;
				SDKROOT = iphoneos;
				SWIFT_ACTIVE_COMPILATION_CONDITIONS = "DEBUG $(inherited)";
				SWIFT_OPTIMIZATION_LEVEL = "-Onone";
			};
			name = Debug;
		};
		145228512D7998FC00006917 /* Release */ = {
			isa = XCBuildConfiguration;
			buildSettings = {
				ALWAYS_SEARCH_USER_PATHS = NO;
				ASSETCATALOG_COMPILER_GENERATE_SWIFT_ASSET_SYMBOL_EXTENSIONS = YES;
				CLANG_ANALYZER_NONNULL = YES;
				CLANG_ANALYZER_NUMBER_OBJECT_CONVERSION = YES_AGGRESSIVE;
				CLANG_CXX_LANGUAGE_STANDARD = "gnu++20";
				CLANG_ENABLE_MODULES = YES;
				CLANG_ENABLE_OBJC_ARC = YES;
				CLANG_ENABLE_OBJC_WEAK = YES;
				CLANG_WARN_BLOCK_CAPTURE_AUTORELEASING = YES;
				CLANG_WARN_BOOL_CONVERSION = YES;
				CLANG_WARN_COMMA = YES;
				CLANG_WARN_CONSTANT_CONVERSION = YES;
				CLANG_WARN_DEPRECATED_OBJC_IMPLEMENTATIONS = YES;
				CLANG_WARN_DIRECT_OBJC_ISA_USAGE = YES_ERROR;
				CLANG_WARN_DOCUMENTATION_COMMENTS = YES;
				CLANG_WARN_EMPTY_BODY = YES;
				CLANG_WARN_ENUM_CONVERSION = YES;
				CLANG_WARN_INFINITE_RECURSION = YES;
				CLANG_WARN_INT_CONVERSION = YES;
				CLANG_WARN_NON_LITERAL_NULL_CONVERSION = YES;
				CLANG_WARN_OBJC_IMPLICIT_RETAIN_SELF = YES;
				CLANG_WARN_OBJC_LITERAL_CONVERSION = YES;
				CLANG_WARN_OBJC_ROOT_CLASS = YES_ERROR;
				CLANG_WARN_QUOTED_INCLUDE_IN_FRAMEWORK_HEADER = YES;
				CLANG_WARN_RANGE_LOOP_ANALYSIS = YES;
				CLANG_WARN_STRICT_PROTOTYPES = YES;
				CLANG_WARN_SUSPICIOUS_MOVE = YES;
				CLANG_WARN_UNGUARDED_AVAILABILITY = YES_AGGRESSIVE;
				CLANG_WARN_UNREACHABLE_CODE = YES;
				CLANG_WARN__DUPLICATE_METHOD_MATCH = YES;
				COPY_PHASE_STRIP = NO;
				DEBUG_INFORMATION_FORMAT = "dwarf-with-dsym";
				ENABLE_NS_ASSERTIONS = NO;
				ENABLE_STRICT_OBJC_MSGSEND = YES;
				ENABLE_USER_SCRIPT_SANDBOXING = YES;
				GCC_C_LANGUAGE_STANDARD = gnu17;
				GCC_NO_COMMON_BLOCKS = YES;
				GCC_WARN_64_TO_32_BIT_CONVERSION = YES;
				GCC_WARN_ABOUT_RETURN_TYPE = YES_ERROR;
				GCC_WARN_UNDECLARED_SELECTOR = YES;
				GCC_WARN_UNINITIALIZED_AUTOS = YES_AGGRESSIVE;
				GCC_WARN_UNUSED_FUNCTION = YES;
				GCC_WARN_UNUSED_VARIABLE = YES;
				IPHONEOS_DEPLOYMENT_TARGET = 18.2;
				LOCALIZATION_PREFERS_STRING_CATALOGS = YES;
				MTL_ENABLE_DEBUG_INFO = NO;
				MTL_FAST_MATH = YES;
				SDKROOT = iphoneos;
				SWIFT_COMPILATION_MODE = wholemodule;
				VALIDATE_PRODUCT = YES;
			};
			name = Release;
		};
/* End XCBuildConfiguration section */

/* Begin XCConfigurationList section */
		145228352D7998FB00006917 /* Build configuration list for PBXProject "CoinFlow" */ = {
			isa = XCConfigurationList;
			buildConfigurations = (
				145228502D7998FC00006917 /* Debug */,
				145228512D7998FC00006917 /* Release */,
			);
			defaultConfigurationIsVisible = 0;
			defaultConfigurationName = Release;
		};
		1452284D2D7998FC00006917 /* Build configuration list for PBXNativeTarget "CoinFlow" */ = {
			isa = XCConfigurationList;
			buildConfigurations = (
				1452284E2D7998FC00006917 /* Debug */,
				1452284F2D7998FC00006917 /* Release */,
			);
			defaultConfigurationIsVisible = 0;
			defaultConfigurationName = Release;
		};
/* End XCConfigurationList section */

/* Begin XCRemoteSwiftPackageReference section */
		141B62952D7AC0070023934E /* XCRemoteSwiftPackageReference "RxSwift" */ = {
			isa = XCRemoteSwiftPackageReference;
			repositoryURL = "https://github.com/ReactiveX/RxSwift.git";
			requirement = {
				kind = exactVersion;
				version = 6.9.0;
			};
		};
		141B64202D7BDFF30023934E /* XCRemoteSwiftPackageReference "Alamofire" */ = {
			isa = XCRemoteSwiftPackageReference;
			repositoryURL = "https://github.com/Alamofire/Alamofire";
			requirement = {
				kind = upToNextMajorVersion;
				minimumVersion = 5.10.2;
			};
		};
		142A52E92D7F494F006989F8 /* XCRemoteSwiftPackageReference "realm-swift" */ = {
			isa = XCRemoteSwiftPackageReference;
			repositoryURL = "https://github.com/realm/realm-swift.git";
			requirement = {
				kind = exactVersion;
				version = 20.0.1;
			};
		};
		145229BA2D79C6B300006917 /* XCRemoteSwiftPackageReference "SnapKit" */ = {
			isa = XCRemoteSwiftPackageReference;
			repositoryURL = "https://github.com/SnapKit/SnapKit.git";
			requirement = {
				kind = exactVersion;
				version = 5.7.1;
			};
		};
		146DA6BF2D7D7CC4004F17C1 /* XCRemoteSwiftPackageReference "Kingfisher" */ = {
			isa = XCRemoteSwiftPackageReference;
			repositoryURL = "https://github.com/onevcat/Kingfisher.git";
			requirement = {
				kind = upToNextMajorVersion;
				minimumVersion = 8.3.0;
			};
		};
/* End XCRemoteSwiftPackageReference section */

/* Begin XCSwiftPackageProductDependency section */
		141B62962D7AC0070023934E /* RxCocoa */ = {
			isa = XCSwiftPackageProductDependency;
			package = 141B62952D7AC0070023934E /* XCRemoteSwiftPackageReference "RxSwift" */;
			productName = RxCocoa;
		};
		141B62982D7AC0070023934E /* RxSwift */ = {
			isa = XCSwiftPackageProductDependency;
			package = 141B62952D7AC0070023934E /* XCRemoteSwiftPackageReference "RxSwift" */;
			productName = RxSwift;
		};
		141B64212D7BDFF30023934E /* Alamofire */ = {
			isa = XCSwiftPackageProductDependency;
			package = 141B64202D7BDFF30023934E /* XCRemoteSwiftPackageReference "Alamofire" */;
			productName = Alamofire;
		};
		142A52EA2D7F494F006989F8 /* RealmSwift */ = {
			isa = XCSwiftPackageProductDependency;
			package = 142A52E92D7F494F006989F8 /* XCRemoteSwiftPackageReference "realm-swift" */;
			productName = RealmSwift;
		};
		145229BB2D79C6B300006917 /* SnapKit */ = {
			isa = XCSwiftPackageProductDependency;
			package = 145229BA2D79C6B300006917 /* XCRemoteSwiftPackageReference "SnapKit" */;
			productName = SnapKit;
		};
		146DA6C02D7D7CC4004F17C1 /* Kingfisher */ = {
			isa = XCSwiftPackageProductDependency;
			package = 146DA6BF2D7D7CC4004F17C1 /* XCRemoteSwiftPackageReference "Kingfisher" */;
			productName = Kingfisher;
		};
/* End XCSwiftPackageProductDependency section */
	};
	rootObject = 145228322D7998FB00006917 /* Project object */;
}
